
Microsoft Visual Studio Solution File, Format Version 12.00
# Visual Studio Version 17
VisualStudioVersion = 17.14.36518.9 d17.14
MinimumVisualStudioVersion = 10.0.40219.1
Project("{FAE04EC0-301F-11D3-BF4B-00C04F79EFBC}") = "Backend", "Backend\Backend.csproj", "{7574E662-47C6-42C7-A617-21004B05EE75}"
EndProject
Global
	GlobalSection(SolutionConfigurationPlatforms) = preSolution
		Debug|Any CPU = Debug|Any CPU
		Release|Any CPU = Release|Any CPU
	EndGlobalSection
	GlobalSection(ProjectConfigurationPlatforms) = postSolution
		{7574E662-47C6-42C7-A617-21004B05EE75}.Debug|Any CPU.ActiveCfg = Debug|Any CPU
		{7574E662-47C6-42C7-A617-21004B05EE75}.Debug|Any CPU.Build.0 = Debug|Any CPU
		{7574E662-47C6-42C7-A617-21004B05EE75}.Release|Any CPU.ActiveCfg = Release|Any CPU
		{7574E662-47C6-42C7-A617-21004B05EE75}.Release|Any CPU.Build.0 = Release|Any CPU
	EndGlobalSection
	GlobalSection(SolutionProperties) = preSolution
		HideSolutionNode = FALSE
	EndGlobalSection
	GlobalSection(ExtensibilityGlobals) = postSolution
		SolutionGuid = {A3FD9D62-7248-4242-9178-D7101A4433FE}
	EndGlobalSection
EndGlobal
